// !$*UTF8*$!
{
	archiveVersion = 1;
	classes = {
	};
	objectVersion = 46;
	objects = {

/* Begin PBXBuildFile section */
		AC51136514F6120B00E18A21 /* main.cpp in Sources */ = {isa = PBXBuildFile; fileRef = AC51136414F6120B00E18A21 /* main.cpp */; };
		AC51136714F6120B00E18A21 /* Time.1 in CopyFiles */ = {isa = PBXBuildFile; fileRef = AC51136614F6120B00E18A21 /* Time.1 */; };
/* End PBXBuildFile section */

/* Begin PBXCopyFilesBuildPhase section */
		AC51135E14F6120B00E18A21 /* CopyFiles */ = {
			isa = PBXCopyFilesBuildPhase;
			buildActionMask = 2147483647;
			dstPath = /usr/share/man/man1/;
			dstSubfolderSpec = 0;
			files = (
				AC51136714F6120B00E18A21 /* Time.1 in CopyFiles */,
			);
			runOnlyForDeploymentPostprocessing = 1;
		};
/* End PBXCopyFilesBuildPhase section */

/* Begin PBXFileReference section */
		AC51136014F6120B00E18A21 /* Time */ = {isa = PBXFileReference; explicitFileType = "compiled.mach-o.executable"; includeInIndex = 0; path = Time; sourceTree = BUILT_PRODUCTS_DIR; };
		AC51136414F6120B00E18A21 /* main.cpp */ = {isa = PBXFileReference; lastKnownFileType = sourcecode.cpp.cpp; path = main.cpp; sourceTree = "<group>"; };
		AC51136614F6120B00E18A21 /* Time.1 */ = {isa = PBXFileReference; lastKnownFileType = text.man; path = Time.1; sourceTree = "<group>"; };
/* End PBXFileReference section */

/* Begin PBXFrameworksBuildPhase section */
		AC51135D14F6120B00E18A21 /* Frameworks */ = {
			isa = PBXFrameworksBuildPhase;
			buildActionMask = 2147483647;
			files = (
			);
			runOnlyForDeploymentPostprocessing = 0;
		};
/* End PBXFrameworksBuildPhase section */

/* Begin PBXGroup section */
		AC51135514F6120B00E18A21 = {
			isa = PBXGroup;
			children = (
				AC51136314F6120B00E18A21 /* Time */,
				AC51136114F6120B00E18A21 /* Products */,
			);
			sourceTree = "<group>";
		};
		AC51136114F6120B00E18A21 /* Products */ = {
			isa = PBXGroup;
			children = (
				AC51136014F6120B00E18A21 /* Time */,
			);
			name = Products;
			sourceTree = "<group>";
		};
		AC51136314F6120B00E18A21 /* Time */ = {
			isa = PBXGroup;
			children = (
				AC51136414F6120B00E18A21 /* main.cpp */,
				AC51136614F6120B00E18A21 /* Time.1 */,
			);
			path = Time;
			sourceTree = "<group>";
		};
/* End PBXGroup section */

/* Begin PBXNativeTarget section */
		AC51135F14F6120B00E18A21 /* Time */ = {
			isa = PBXNativeTarget;
			buildConfigurationList = AC51136A14F6120B00E18A21 /* Build configuration list for PBXNativeTarget "Time" */;
			buildPhases = (
				AC51135C14F6120B00E18A21 /* Sources */,
				AC51135D14F6120B00E18A21 /* Frameworks */,
				AC51135E14F6120B00E18A21 /* CopyFiles */,
			);
			buildRules = (
			);
			dependencies = (
			);
			name = Time;
			productName = Time;
			productReference = AC51136014F6120B00E18A21 /* Time */;
			productType = "com.apple.product-type.tool";
		};
/* End PBXNativeTarget section */

/* Begin PBXProject section */
		AC51135714F6120B00E18A21 /* Project object */ = {
			isa = PBXProject;
			attributes = {
				LastUpgradeCheck = 0420;
			};
			buildConfigurationList = AC51135A14F6120B00E18A21 /* Build configuration list for PBXProject "Time" */;
			compatibilityVersion = "Xcode 3.2";
			developmentRegion = English;
			hasScannedForEncodings = 0;
			knownRegions = (
				en,
			);
			mainGroup = AC51135514F6120B00E18A21;
			productRefGroup = AC51136114F6120B00E18A21 /* Products */;
			projectDirPath = "";
			projectRoot = "";
			targets = (
				AC51135F14F6120B00E18A21 /* Time */,
			);
		};
/* End PBXProject section */

/* Begin PBXSourcesBuildPhase section */
		AC51135C14F6120B00E18A21 /* Sources */ = {
			isa = PBXSourcesBuildPhase;
			buildActionMask = 2147483647;
			files = (
				AC51136514F6120B00E18A21 /* main.cpp in Sources */,
			);
			runOnlyForDeploymentPostprocessing = 0;
		};
/* End PBXSourcesBuildPhase section */

/* Begin XCBuildConfiguration section */
		AC51136814F6120B00E18A21 /* Debug */ = {
			isa = XCBuildConfiguration;
			buildSettings = {
				ALWAYS_SEARCH_USER_PATHS = NO;
				ARCHS = "$(ARCHS_STANDARD_64_BIT)";
				COPY_PHASE_STRIP = NO;
				GCC_C_LANGUAGE_STANDARD = gnu99;
				GCC_DYNAMIC_NO_PIC = NO;
				GCC_ENABLE_OBJC_EXCEPTIONS = YES;
				GCC_OPTIMIZATION_LEVEL = 0;
				GCC_PREPROCESSOR_DEFINITIONS = (
					"DEBUG=1",
					"$(inherited)",
				);
				GCC_SYMBOLS_PRIVATE_EXTERN = NO;
				GCC_VERSION = com.apple.compilers.llvm.clang.1_0;
				GCC_WARN_64_TO_32_BIT_CONVERSION = YES;
				GCC_WARN_ABOUT_MISSING_PROTOTYPES = YES;
				GCC_WARN_ABOUT_RETURN_TYPE = YES;
				GCC_WARN_UNUSED_VARIABLE = YES;
				MACOSX_DEPLOYMENT_TARGET = 10.7;
				ONLY_ACTIVE_ARCH = YES;
				SDKROOT = macosx;
			};
			name = Debug;
		};
		AC51136914F6120B00E18A21 /* Release */ = {
			isa = XCBuildConfiguration;
			buildSettings = {
				ALWAYS_SEARCH_USER_PATHS = NO;
				ARCHS = "$(ARCHS_STANDARD_64_BIT)";
				COPY_PHASE_STRIP = YES;
				DEBUG_INFORMATION_FORMAT = "dwarf-with-dsym";
				GCC_C_LANGUAGE_STANDARD = gnu99;
				GCC_ENABLE_OBJC_EXCEPTIONS = YES;
				GCC_VERSION = com.apple.compilers.llvm.clang.1_0;
				GCC_WARN_64_TO_32_BIT_CONVERSION = YES;
				GCC_WARN_ABOUT_MISSING_PROTOTYPES = YES;
				GCC_WARN_ABOUT_RETURN_TYPE = YES;
				GCC_WARN_UNUSED_VARIABLE = YES;
				MACOSX_DEPLOYMENT_TARGET = 10.7;
				SDKROOT = macosx;
			};
			name = Release;
		};
		AC51136B14F6120B00E18A21 /* Debug */ = {
			isa = XCBuildConfiguration;
			buildSettings = {
				PRODUCT_NAME = "$(TARGET_NAME)";
			};
			name = Debug;
		};
		AC51136C14F6120B00E18A21 /* Release */ = {
			isa = XCBuildConfiguration;
			buildSettings = {
				PRODUCT_NAME = "$(TARGET_NAME)";
			};
			name = Release;
		};
/* End XCBuildConfiguration section */

/* Begin XCConfigurationList section */
		AC51135A14F6120B00E18A21 /* Build configuration list for PBXProject "Time" */ = {
			isa = XCConfigurationList;
			buildConfigurations = (
				AC51136814F6120B00E18A21 /* Debug */,
				AC51136914F6120B00E18A21 /* Release */,
			);
			defaultConfigurationIsVisible = 0;
			defaultConfigurationName = Release;
		};
		AC51136A14F6120B00E18A21 /* Build configuration list for PBXNativeTarget "Time" */ = {
			isa = XCConfigurationList;
			buildConfigurations = (
				AC51136B14F6120B00E18A21 /* Debug */,
				AC51136C14F6120B00E18A21 /* Release */,
			);
			defaultConfigurationIsVisible = 0;
		};
/* End XCConfigurationList section */
	};
	rootObject = AC51135714F6120B00E18A21 /* Project object */;
}
