// !$*UTF8*$!
{
	archiveVersion = 1;
	classes = {
	};
	objectVersion = 46;
	objects = {

/* Begin PBXBuildFile section */
		AC4099C815467BE1008FAA3E /* main.cpp in Sources */ = {isa = PBXBuildFile; fileRef = AC4099C715467BE1008FAA3E /* main.cpp */; };
		AC4099CA15467BE1008FAA3E /* BST.1 in CopyFiles */ = {isa = PBXBuildFile; fileRef = AC4099C915467BE1008FAA3E /* BST.1 */; };
		AC4099D815467C2F008FAA3E /* BST.cpp in Sources */ = {isa = PBXBuildFile; fileRef = AC4099D715467C2F008FAA3E /* BST.cpp */; };
/* End PBXBuildFile section */

/* Begin PBXCopyFilesBuildPhase section */
		AC4099C115467BE1008FAA3E /* CopyFiles */ = {
			isa = PBXCopyFilesBuildPhase;
			buildActionMask = 2147483647;
			dstPath = /usr/share/man/man1/;
			dstSubfolderSpec = 0;
			files = (
				AC4099CA15467BE1008FAA3E /* BST.1 in CopyFiles */,
			);
			runOnlyForDeploymentPostprocessing = 1;
		};
/* End PBXCopyFilesBuildPhase section */

/* Begin PBXFileReference section */
		AC4099C315467BE1008FAA3E /* BST */ = {isa = PBXFileReference; explicitFileType = "compiled.mach-o.executable"; includeInIndex = 0; path = BST; sourceTree = BUILT_PRODUCTS_DIR; };
		AC4099C715467BE1008FAA3E /* main.cpp */ = {isa = PBXFileReference; lastKnownFileType = sourcecode.cpp.cpp; path = main.cpp; sourceTree = "<group>"; };
		AC4099C915467BE1008FAA3E /* BST.1 */ = {isa = PBXFileReference; lastKnownFileType = text.man; path = BST.1; sourceTree = "<group>"; };
		AC4099D415467C1C008FAA3E /* TreeNode.h */ = {isa = PBXFileReference; lastKnownFileType = sourcecode.c.h; path = TreeNode.h; sourceTree = "<group>"; };
		AC4099D615467C25008FAA3E /* BST.h */ = {isa = PBXFileReference; lastKnownFileType = sourcecode.c.h; path = BST.h; sourceTree = "<group>"; };
		AC4099D715467C2F008FAA3E /* BST.cpp */ = {isa = PBXFileReference; fileEncoding = 4; lastKnownFileType = sourcecode.cpp.cpp; path = BST.cpp; sourceTree = "<group>"; };
/* End PBXFileReference section */

/* Begin PBXFrameworksBuildPhase section */
		AC4099C015467BE1008FAA3E /* Frameworks */ = {
			isa = PBXFrameworksBuildPhase;
			buildActionMask = 2147483647;
			files = (
			);
			runOnlyForDeploymentPostprocessing = 0;
		};
/* End PBXFrameworksBuildPhase section */

/* Begin PBXGroup section */
		AC4099B815467BE1008FAA3E = {
			isa = PBXGroup;
			children = (
				AC4099C615467BE1008FAA3E /* BST */,
				AC4099C415467BE1008FAA3E /* Products */,
			);
			sourceTree = "<group>";
		};
		AC4099C415467BE1008FAA3E /* Products */ = {
			isa = PBXGroup;
			children = (
				AC4099C315467BE1008FAA3E /* BST */,
			);
			name = Products;
			sourceTree = "<group>";
		};
		AC4099C615467BE1008FAA3E /* BST */ = {
			isa = PBXGroup;
			children = (
				AC4099C715467BE1008FAA3E /* main.cpp */,
				AC4099C915467BE1008FAA3E /* BST.1 */,
				AC4099D415467C1C008FAA3E /* TreeNode.h */,
				AC4099D615467C25008FAA3E /* BST.h */,
				AC4099D715467C2F008FAA3E /* BST.cpp */,
			);
			path = BST;
			sourceTree = "<group>";
		};
/* End PBXGroup section */

/* Begin PBXNativeTarget section */
		AC4099C215467BE1008FAA3E /* BST */ = {
			isa = PBXNativeTarget;
			buildConfigurationList = AC4099CD15467BE1008FAA3E /* Build configuration list for PBXNativeTarget "BST" */;
			buildPhases = (
				AC4099BF15467BE1008FAA3E /* Sources */,
				AC4099C015467BE1008FAA3E /* Frameworks */,
				AC4099C115467BE1008FAA3E /* CopyFiles */,
			);
			buildRules = (
			);
			dependencies = (
			);
			name = BST;
			productName = BST;
			productReference = AC4099C315467BE1008FAA3E /* BST */;
			productType = "com.apple.product-type.tool";
		};
/* End PBXNativeTarget section */

/* Begin PBXProject section */
		AC4099BA15467BE1008FAA3E /* Project object */ = {
			isa = PBXProject;
			attributes = {
				LastUpgradeCheck = 0430;
			};
			buildConfigurationList = AC4099BD15467BE1008FAA3E /* Build configuration list for PBXProject "BST" */;
			compatibilityVersion = "Xcode 3.2";
			developmentRegion = English;
			hasScannedForEncodings = 0;
			knownRegions = (
				en,
			);
			mainGroup = AC4099B815467BE1008FAA3E;
			productRefGroup = AC4099C415467BE1008FAA3E /* Products */;
			projectDirPath = "";
			projectRoot = "";
			targets = (
				AC4099C215467BE1008FAA3E /* BST */,
			);
		};
/* End PBXProject section */

/* Begin PBXSourcesBuildPhase section */
		AC4099BF15467BE1008FAA3E /* Sources */ = {
			isa = PBXSourcesBuildPhase;
			buildActionMask = 2147483647;
			files = (
				AC4099C815467BE1008FAA3E /* main.cpp in Sources */,
				AC4099D815467C2F008FAA3E /* BST.cpp in Sources */,
			);
			runOnlyForDeploymentPostprocessing = 0;
		};
/* End PBXSourcesBuildPhase section */

/* Begin XCBuildConfiguration section */
		AC4099CB15467BE1008FAA3E /* Debug */ = {
			isa = XCBuildConfiguration;
			buildSettings = {
				ALWAYS_SEARCH_USER_PATHS = NO;
				ARCHS = "$(ARCHS_STANDARD_64_BIT)";
				COPY_PHASE_STRIP = NO;
				GCC_C_LANGUAGE_STANDARD = gnu99;
				GCC_DYNAMIC_NO_PIC = NO;
				GCC_ENABLE_OBJC_EXCEPTIONS = YES;
				GCC_OPTIMIZATION_LEVEL = 0;
				GCC_PREPROCESSOR_DEFINITIONS = (
					"DEBUG=1",
					"$(inherited)",
				);
				GCC_SYMBOLS_PRIVATE_EXTERN = NO;
				GCC_VERSION = com.apple.compilers.llvm.clang.1_0;
				GCC_WARN_64_TO_32_BIT_CONVERSION = YES;
				GCC_WARN_ABOUT_RETURN_TYPE = YES;
				GCC_WARN_UNINITIALIZED_AUTOS = YES;
				GCC_WARN_UNUSED_VARIABLE = YES;
				MACOSX_DEPLOYMENT_TARGET = 10.7;
				ONLY_ACTIVE_ARCH = YES;
				SDKROOT = macosx;
			};
			name = Debug;
		};
		AC4099CC15467BE1008FAA3E /* Release */ = {
			isa = XCBuildConfiguration;
			buildSettings = {
				ALWAYS_SEARCH_USER_PATHS = NO;
				ARCHS = "$(ARCHS_STANDARD_64_BIT)";
				COPY_PHASE_STRIP = YES;
				DEBUG_INFORMATION_FORMAT = "dwarf-with-dsym";
				GCC_C_LANGUAGE_STANDARD = gnu99;
				GCC_ENABLE_OBJC_EXCEPTIONS = YES;
				GCC_VERSION = com.apple.compilers.llvm.clang.1_0;
				GCC_WARN_64_TO_32_BIT_CONVERSION = YES;
				GCC_WARN_ABOUT_RETURN_TYPE = YES;
				GCC_WARN_UNINITIALIZED_AUTOS = YES;
				GCC_WARN_UNUSED_VARIABLE = YES;
				MACOSX_DEPLOYMENT_TARGET = 10.7;
				SDKROOT = macosx;
			};
			name = Release;
		};
		AC4099CE15467BE1008FAA3E /* Debug */ = {
			isa = XCBuildConfiguration;
			buildSettings = {
				PRODUCT_NAME = "$(TARGET_NAME)";
			};
			name = Debug;
		};
		AC4099CF15467BE1008FAA3E /* Release */ = {
			isa = XCBuildConfiguration;
			buildSettings = {
				PRODUCT_NAME = "$(TARGET_NAME)";
			};
			name = Release;
		};
/* End XCBuildConfiguration section */

/* Begin XCConfigurationList section */
		AC4099BD15467BE1008FAA3E /* Build configuration list for PBXProject "BST" */ = {
			isa = XCConfigurationList;
			buildConfigurations = (
				AC4099CB15467BE1008FAA3E /* Debug */,
				AC4099CC15467BE1008FAA3E /* Release */,
			);
			defaultConfigurationIsVisible = 0;
			defaultConfigurationName = Release;
		};
		AC4099CD15467BE1008FAA3E /* Build configuration list for PBXNativeTarget "BST" */ = {
			isa = XCConfigurationList;
			buildConfigurations = (
				AC4099CE15467BE1008FAA3E /* Debug */,
				AC4099CF15467BE1008FAA3E /* Release */,
			);
			defaultConfigurationIsVisible = 0;
			defaultConfigurationName = Release;
		};
/* End XCConfigurationList section */
	};
	rootObject = AC4099BA15467BE1008FAA3E /* Project object */;
}
