// !$*UTF8*$!
{
	archiveVersion = 1;
	classes = {
	};
	objectVersion = 46;
	objects = {

/* Begin PBXBuildFile section */
		AC004B5E14C9469200CBE0B8 /* main.cpp in Sources */ = {isa = PBXBuildFile; fileRef = AC004B5D14C9469200CBE0B8 /* main.cpp */; };
		AC004B6014C9469200CBE0B8 /* calculator.1 in CopyFiles */ = {isa = PBXBuildFile; fileRef = AC004B5F14C9469200CBE0B8 /* calculator.1 */; };
/* End PBXBuildFile section */

/* Begin PBXCopyFilesBuildPhase section */
		AC004B5714C9469200CBE0B8 /* CopyFiles */ = {
			isa = PBXCopyFilesBuildPhase;
			buildActionMask = 2147483647;
			dstPath = /usr/share/man/man1/;
			dstSubfolderSpec = 0;
			files = (
				AC004B6014C9469200CBE0B8 /* calculator.1 in CopyFiles */,
			);
			runOnlyForDeploymentPostprocessing = 1;
		};
/* End PBXCopyFilesBuildPhase section */

/* Begin PBXFileReference section */
		AC004B5914C9469200CBE0B8 /* calculator */ = {isa = PBXFileReference; explicitFileType = "compiled.mach-o.executable"; includeInIndex = 0; path = calculator; sourceTree = BUILT_PRODUCTS_DIR; };
		AC004B5D14C9469200CBE0B8 /* main.cpp */ = {isa = PBXFileReference; lastKnownFileType = sourcecode.cpp.cpp; path = main.cpp; sourceTree = "<group>"; };
		AC004B5F14C9469200CBE0B8 /* calculator.1 */ = {isa = PBXFileReference; lastKnownFileType = text.man; path = calculator.1; sourceTree = "<group>"; };
/* End PBXFileReference section */

/* Begin PBXFrameworksBuildPhase section */
		AC004B5614C9469200CBE0B8 /* Frameworks */ = {
			isa = PBXFrameworksBuildPhase;
			buildActionMask = 2147483647;
			files = (
			);
			runOnlyForDeploymentPostprocessing = 0;
		};
/* End PBXFrameworksBuildPhase section */

/* Begin PBXGroup section */
		AC004B4E14C9469100CBE0B8 = {
			isa = PBXGroup;
			children = (
				AC004B5C14C9469200CBE0B8 /* calculator */,
				AC004B5A14C9469200CBE0B8 /* Products */,
			);
			sourceTree = "<group>";
		};
		AC004B5A14C9469200CBE0B8 /* Products */ = {
			isa = PBXGroup;
			children = (
				AC004B5914C9469200CBE0B8 /* calculator */,
			);
			name = Products;
			sourceTree = "<group>";
		};
		AC004B5C14C9469200CBE0B8 /* calculator */ = {
			isa = PBXGroup;
			children = (
				AC004B5D14C9469200CBE0B8 /* main.cpp */,
				AC004B5F14C9469200CBE0B8 /* calculator.1 */,
			);
			path = calculator;
			sourceTree = "<group>";
		};
/* End PBXGroup section */

/* Begin PBXNativeTarget section */
		AC004B5814C9469200CBE0B8 /* calculator */ = {
			isa = PBXNativeTarget;
			buildConfigurationList = AC004B6314C9469200CBE0B8 /* Build configuration list for PBXNativeTarget "calculator" */;
			buildPhases = (
				AC004B5514C9469200CBE0B8 /* Sources */,
				AC004B5614C9469200CBE0B8 /* Frameworks */,
				AC004B5714C9469200CBE0B8 /* CopyFiles */,
			);
			buildRules = (
			);
			dependencies = (
			);
			name = calculator;
			productName = calculator;
			productReference = AC004B5914C9469200CBE0B8 /* calculator */;
			productType = "com.apple.product-type.tool";
		};
/* End PBXNativeTarget section */

/* Begin PBXProject section */
		AC004B5014C9469100CBE0B8 /* Project object */ = {
			isa = PBXProject;
			attributes = {
				LastUpgradeCheck = 0420;
			};
			buildConfigurationList = AC004B5314C9469100CBE0B8 /* Build configuration list for PBXProject "calculator" */;
			compatibilityVersion = "Xcode 3.2";
			developmentRegion = English;
			hasScannedForEncodings = 0;
			knownRegions = (
				en,
			);
			mainGroup = AC004B4E14C9469100CBE0B8;
			productRefGroup = AC004B5A14C9469200CBE0B8 /* Products */;
			projectDirPath = "";
			projectRoot = "";
			targets = (
				AC004B5814C9469200CBE0B8 /* calculator */,
			);
		};
/* End PBXProject section */

/* Begin PBXSourcesBuildPhase section */
		AC004B5514C9469200CBE0B8 /* Sources */ = {
			isa = PBXSourcesBuildPhase;
			buildActionMask = 2147483647;
			files = (
				AC004B5E14C9469200CBE0B8 /* main.cpp in Sources */,
			);
			runOnlyForDeploymentPostprocessing = 0;
		};
/* End PBXSourcesBuildPhase section */

/* Begin XCBuildConfiguration section */
		AC004B6114C9469200CBE0B8 /* Debug */ = {
			isa = XCBuildConfiguration;
			buildSettings = {
				ALWAYS_SEARCH_USER_PATHS = NO;
				ARCHS = "$(ARCHS_STANDARD_64_BIT)";
				COPY_PHASE_STRIP = NO;
				GCC_C_LANGUAGE_STANDARD = gnu99;
				GCC_DYNAMIC_NO_PIC = NO;
				GCC_ENABLE_OBJC_EXCEPTIONS = YES;
				GCC_OPTIMIZATION_LEVEL = 0;
				GCC_PREPROCESSOR_DEFINITIONS = (
					"DEBUG=1",
					"$(inherited)",
				);
				GCC_SYMBOLS_PRIVATE_EXTERN = NO;
				GCC_VERSION = com.apple.compilers.llvm.clang.1_0;
				GCC_WARN_64_TO_32_BIT_CONVERSION = YES;
				GCC_WARN_ABOUT_MISSING_PROTOTYPES = YES;
				GCC_WARN_ABOUT_RETURN_TYPE = YES;
				GCC_WARN_UNUSED_VARIABLE = YES;
				MACOSX_DEPLOYMENT_TARGET = 10.7;
				ONLY_ACTIVE_ARCH = YES;
				SDKROOT = macosx;
			};
			name = Debug;
		};
		AC004B6214C9469200CBE0B8 /* Release */ = {
			isa = XCBuildConfiguration;
			buildSettings = {
				ALWAYS_SEARCH_USER_PATHS = NO;
				ARCHS = "$(ARCHS_STANDARD_64_BIT)";
				COPY_PHASE_STRIP = YES;
				DEBUG_INFORMATION_FORMAT = "dwarf-with-dsym";
				GCC_C_LANGUAGE_STANDARD = gnu99;
				GCC_ENABLE_OBJC_EXCEPTIONS = YES;
				GCC_VERSION = com.apple.compilers.llvm.clang.1_0;
				GCC_WARN_64_TO_32_BIT_CONVERSION = YES;
				GCC_WARN_ABOUT_MISSING_PROTOTYPES = YES;
				GCC_WARN_ABOUT_RETURN_TYPE = YES;
				GCC_WARN_UNUSED_VARIABLE = YES;
				MACOSX_DEPLOYMENT_TARGET = 10.7;
				SDKROOT = macosx;
			};
			name = Release;
		};
		AC004B6414C9469200CBE0B8 /* Debug */ = {
			isa = XCBuildConfiguration;
			buildSettings = {
				PRODUCT_NAME = "$(TARGET_NAME)";
			};
			name = Debug;
		};
		AC004B6514C9469200CBE0B8 /* Release */ = {
			isa = XCBuildConfiguration;
			buildSettings = {
				PRODUCT_NAME = "$(TARGET_NAME)";
			};
			name = Release;
		};
/* End XCBuildConfiguration section */

/* Begin XCConfigurationList section */
		AC004B5314C9469100CBE0B8 /* Build configuration list for PBXProject "calculator" */ = {
			isa = XCConfigurationList;
			buildConfigurations = (
				AC004B6114C9469200CBE0B8 /* Debug */,
				AC004B6214C9469200CBE0B8 /* Release */,
			);
			defaultConfigurationIsVisible = 0;
			defaultConfigurationName = Release;
		};
		AC004B6314C9469200CBE0B8 /* Build configuration list for PBXNativeTarget "calculator" */ = {
			isa = XCConfigurationList;
			buildConfigurations = (
				AC004B6414C9469200CBE0B8 /* Debug */,
				AC004B6514C9469200CBE0B8 /* Release */,
			);
			defaultConfigurationIsVisible = 0;
		};
/* End XCConfigurationList section */
	};
	rootObject = AC004B5014C9469100CBE0B8 /* Project object */;
}
