// !$*UTF8*$!
{
	archiveVersion = 1;
	classes = {
	};
	objectVersion = 46;
	objects = {

/* Begin PBXBuildFile section */
		ACADC72314F40F290053D1CC /* main.cpp in Sources */ = {isa = PBXBuildFile; fileRef = ACADC72214F40F290053D1CC /* main.cpp */; };
		ACADC72514F40F290053D1CC /* classes.1 in CopyFiles */ = {isa = PBXBuildFile; fileRef = ACADC72414F40F290053D1CC /* classes.1 */; };
/* End PBXBuildFile section */

/* Begin PBXCopyFilesBuildPhase section */
		ACADC71C14F40F290053D1CC /* CopyFiles */ = {
			isa = PBXCopyFilesBuildPhase;
			buildActionMask = 2147483647;
			dstPath = /usr/share/man/man1/;
			dstSubfolderSpec = 0;
			files = (
				ACADC72514F40F290053D1CC /* classes.1 in CopyFiles */,
			);
			runOnlyForDeploymentPostprocessing = 1;
		};
/* End PBXCopyFilesBuildPhase section */

/* Begin PBXFileReference section */
		ACADC71E14F40F290053D1CC /* classes */ = {isa = PBXFileReference; explicitFileType = "compiled.mach-o.executable"; includeInIndex = 0; path = classes; sourceTree = BUILT_PRODUCTS_DIR; };
		ACADC72214F40F290053D1CC /* main.cpp */ = {isa = PBXFileReference; lastKnownFileType = sourcecode.cpp.cpp; path = main.cpp; sourceTree = "<group>"; };
		ACADC72414F40F290053D1CC /* classes.1 */ = {isa = PBXFileReference; lastKnownFileType = text.man; path = classes.1; sourceTree = "<group>"; };
/* End PBXFileReference section */

/* Begin PBXFrameworksBuildPhase section */
		ACADC71B14F40F290053D1CC /* Frameworks */ = {
			isa = PBXFrameworksBuildPhase;
			buildActionMask = 2147483647;
			files = (
			);
			runOnlyForDeploymentPostprocessing = 0;
		};
/* End PBXFrameworksBuildPhase section */

/* Begin PBXGroup section */
		ACADC71314F40F290053D1CC = {
			isa = PBXGroup;
			children = (
				ACADC72114F40F290053D1CC /* classes */,
				ACADC71F14F40F290053D1CC /* Products */,
			);
			sourceTree = "<group>";
		};
		ACADC71F14F40F290053D1CC /* Products */ = {
			isa = PBXGroup;
			children = (
				ACADC71E14F40F290053D1CC /* classes */,
			);
			name = Products;
			sourceTree = "<group>";
		};
		ACADC72114F40F290053D1CC /* classes */ = {
			isa = PBXGroup;
			children = (
				ACADC72214F40F290053D1CC /* main.cpp */,
				ACADC72414F40F290053D1CC /* classes.1 */,
			);
			path = classes;
			sourceTree = "<group>";
		};
/* End PBXGroup section */

/* Begin PBXNativeTarget section */
		ACADC71D14F40F290053D1CC /* classes */ = {
			isa = PBXNativeTarget;
			buildConfigurationList = ACADC72814F40F290053D1CC /* Build configuration list for PBXNativeTarget "classes" */;
			buildPhases = (
				ACADC71A14F40F290053D1CC /* Sources */,
				ACADC71B14F40F290053D1CC /* Frameworks */,
				ACADC71C14F40F290053D1CC /* CopyFiles */,
			);
			buildRules = (
			);
			dependencies = (
			);
			name = classes;
			productName = classes;
			productReference = ACADC71E14F40F290053D1CC /* classes */;
			productType = "com.apple.product-type.tool";
		};
/* End PBXNativeTarget section */

/* Begin PBXProject section */
		ACADC71514F40F290053D1CC /* Project object */ = {
			isa = PBXProject;
			attributes = {
				LastUpgradeCheck = 0420;
			};
			buildConfigurationList = ACADC71814F40F290053D1CC /* Build configuration list for PBXProject "classes" */;
			compatibilityVersion = "Xcode 3.2";
			developmentRegion = English;
			hasScannedForEncodings = 0;
			knownRegions = (
				en,
			);
			mainGroup = ACADC71314F40F290053D1CC;
			productRefGroup = ACADC71F14F40F290053D1CC /* Products */;
			projectDirPath = "";
			projectRoot = "";
			targets = (
				ACADC71D14F40F290053D1CC /* classes */,
			);
		};
/* End PBXProject section */

/* Begin PBXSourcesBuildPhase section */
		ACADC71A14F40F290053D1CC /* Sources */ = {
			isa = PBXSourcesBuildPhase;
			buildActionMask = 2147483647;
			files = (
				ACADC72314F40F290053D1CC /* main.cpp in Sources */,
			);
			runOnlyForDeploymentPostprocessing = 0;
		};
/* End PBXSourcesBuildPhase section */

/* Begin XCBuildConfiguration section */
		ACADC72614F40F290053D1CC /* Debug */ = {
			isa = XCBuildConfiguration;
			buildSettings = {
				ALWAYS_SEARCH_USER_PATHS = NO;
				ARCHS = "$(ARCHS_STANDARD_64_BIT)";
				COPY_PHASE_STRIP = NO;
				GCC_C_LANGUAGE_STANDARD = gnu99;
				GCC_DYNAMIC_NO_PIC = NO;
				GCC_ENABLE_OBJC_EXCEPTIONS = YES;
				GCC_OPTIMIZATION_LEVEL = 0;
				GCC_PREPROCESSOR_DEFINITIONS = (
					"DEBUG=1",
					"$(inherited)",
				);
				GCC_SYMBOLS_PRIVATE_EXTERN = NO;
				GCC_VERSION = com.apple.compilers.llvm.clang.1_0;
				GCC_WARN_64_TO_32_BIT_CONVERSION = YES;
				GCC_WARN_ABOUT_MISSING_PROTOTYPES = YES;
				GCC_WARN_ABOUT_RETURN_TYPE = YES;
				GCC_WARN_UNUSED_VARIABLE = YES;
				MACOSX_DEPLOYMENT_TARGET = 10.7;
				ONLY_ACTIVE_ARCH = YES;
				SDKROOT = macosx;
			};
			name = Debug;
		};
		ACADC72714F40F290053D1CC /* Release */ = {
			isa = XCBuildConfiguration;
			buildSettings = {
				ALWAYS_SEARCH_USER_PATHS = NO;
				ARCHS = "$(ARCHS_STANDARD_64_BIT)";
				COPY_PHASE_STRIP = YES;
				DEBUG_INFORMATION_FORMAT = "dwarf-with-dsym";
				GCC_C_LANGUAGE_STANDARD = gnu99;
				GCC_ENABLE_OBJC_EXCEPTIONS = YES;
				GCC_VERSION = com.apple.compilers.llvm.clang.1_0;
				GCC_WARN_64_TO_32_BIT_CONVERSION = YES;
				GCC_WARN_ABOUT_MISSING_PROTOTYPES = YES;
				GCC_WARN_ABOUT_RETURN_TYPE = YES;
				GCC_WARN_UNUSED_VARIABLE = YES;
				MACOSX_DEPLOYMENT_TARGET = 10.7;
				SDKROOT = macosx;
			};
			name = Release;
		};
		ACADC72914F40F290053D1CC /* Debug */ = {
			isa = XCBuildConfiguration;
			buildSettings = {
				PRODUCT_NAME = "$(TARGET_NAME)";
			};
			name = Debug;
		};
		ACADC72A14F40F290053D1CC /* Release */ = {
			isa = XCBuildConfiguration;
			buildSettings = {
				PRODUCT_NAME = "$(TARGET_NAME)";
			};
			name = Release;
		};
/* End XCBuildConfiguration section */

/* Begin XCConfigurationList section */
		ACADC71814F40F290053D1CC /* Build configuration list for PBXProject "classes" */ = {
			isa = XCConfigurationList;
			buildConfigurations = (
				ACADC72614F40F290053D1CC /* Debug */,
				ACADC72714F40F290053D1CC /* Release */,
			);
			defaultConfigurationIsVisible = 0;
			defaultConfigurationName = Release;
		};
		ACADC72814F40F290053D1CC /* Build configuration list for PBXNativeTarget "classes" */ = {
			isa = XCConfigurationList;
			buildConfigurations = (
				ACADC72914F40F290053D1CC /* Debug */,
				ACADC72A14F40F290053D1CC /* Release */,
			);
			defaultConfigurationIsVisible = 0;
		};
/* End XCConfigurationList section */
	};
	rootObject = ACADC71514F40F290053D1CC /* Project object */;
}
